
Microsoft Visual Studio Solution File, Format Version 12.00
# Visual Studio Version 17
VisualStudioVersion = 17.14.36414.22 d17.14
MinimumVisualStudioVersion = 10.0.40219.1
Project("{FAE04EC0-301F-11D3-BF4B-00C04F79EFBC}") = "CalculatorTutorial", "CalculatorTutorial\CalculatorTutorial.csproj", "{FBFAED93-4AD0-4764-BE01-255DAEC13133}"
EndProject
Global
	GlobalSection(SolutionConfigurationPlatforms) = preSolution
		Debug|Any CPU = Debug|Any CPU
		Release|Any CPU = Release|Any CPU
	EndGlobalSection
	GlobalSection(ProjectConfigurationPlatforms) = postSolution
		{FBFAED93-4AD0-4764-BE01-255DAEC13133}.Debug|Any CPU.ActiveCfg = Debug|Any CPU
		{FBFAED93-4AD0-4764-BE01-255DAEC13133}.Debug|Any CPU.Build.0 = Debug|Any CPU
		{FBFAED93-4AD0-4764-BE01-255DAEC13133}.Release|Any CPU.ActiveCfg = Release|Any CPU
		{FBFAED93-4AD0-4764-BE01-255DAEC13133}.Release|Any CPU.Build.0 = Release|Any CPU
	EndGlobalSection
	GlobalSection(SolutionProperties) = preSolution
		HideSolutionNode = FALSE
	EndGlobalSection
	GlobalSection(ExtensibilityGlobals) = postSolution
		SolutionGuid = {27F09AC9-8BD1-4104-8606-8A19276E964F}
	EndGlobalSection
EndGlobal
